
Microsoft Visual Studio Solution File, Format Version 12.00
# Visual Studio Version 17
VisualStudioVersion = 17.11.35303.130
MinimumVisualStudioVersion = 10.0.40219.1
Project("{FAE04EC0-301F-11D3-BF4B-00C04F79EFBC}") = "Spark Project", "Spark Project\Spark Project.csproj", "{CF5D169F-4E8F-4482-85FC-E7502E43B54E}"
EndProject
Global
	GlobalSection(SolutionConfigurationPlatforms) = preSolution
		Debug|Any CPU = Debug|Any CPU
		Release|Any CPU = Release|Any CPU
	EndGlobalSection
	GlobalSection(ProjectConfigurationPlatforms) = postSolution
		{CF5D169F-4E8F-4482-85FC-E7502E43B54E}.Debug|Any CPU.ActiveCfg = Debug|Any CPU
		{CF5D169F-4E8F-4482-85FC-E7502E43B54E}.Debug|Any CPU.Build.0 = Debug|Any CPU
		{CF5D169F-4E8F-4482-85FC-E7502E43B54E}.Release|Any CPU.ActiveCfg = Release|Any CPU
		{CF5D169F-4E8F-4482-85FC-E7502E43B54E}.Release|Any CPU.Build.0 = Release|Any CPU
	EndGlobalSection
	GlobalSection(SolutionProperties) = preSolution
		HideSolutionNode = FALSE
	EndGlobalSection
	GlobalSection(ExtensibilityGlobals) = postSolution
		SolutionGuid = {F7FD5292-E53C-44BF-ACD4-A34267423726}
	EndGlobalSection
EndGlobal
